
Microsoft Visual Studio Solution File, Format Version 12.00
# Visual Studio Version 16
VisualStudioVersion = 16.0.29326.143
MinimumVisualStudioVersion = 10.0.40219.1
Project("{FAE04EC0-301F-11D3-BF4B-00C04F79EFBC}") = "Test_Migration", "Test_Migration\Test_Migration.csproj", "{AE816919-1059-45C7-85A6-E39150CE9F4E}"
EndProject
Global
	GlobalSection(SolutionConfigurationPlatforms) = preSolution
		Debug|Any CPU = Debug|Any CPU
		Release|Any CPU = Release|Any CPU
	EndGlobalSection
	GlobalSection(ProjectConfigurationPlatforms) = postSolution
		{AE816919-1059-45C7-85A6-E39150CE9F4E}.Debug|Any CPU.ActiveCfg = Debug|Any CPU
		{AE816919-1059-45C7-85A6-E39150CE9F4E}.Debug|Any CPU.Build.0 = Debug|Any CPU
		{AE816919-1059-45C7-85A6-E39150CE9F4E}.Release|Any CPU.ActiveCfg = Release|Any CPU
		{AE816919-1059-45C7-85A6-E39150CE9F4E}.Release|Any CPU.Build.0 = Release|Any CPU
	EndGlobalSection
	GlobalSection(SolutionProperties) = preSolution
		HideSolutionNode = FALSE
	EndGlobalSection
	GlobalSection(ExtensibilityGlobals) = postSolution
		SolutionGuid = {7D3112DD-4ADA-4BE3-901A-EDE961BEDB21}
	EndGlobalSection
EndGlobal
